
Microsoft Visual Studio Solution File, Format Version 12.00
# Visual Studio 15
VisualStudioVersion = 15.0.26124.0
MinimumVisualStudioVersion = 15.0.26124.0
Project("{2150E333-8FDC-42A3-9474-1A3956D46DE8}") = "src", "src", "{C50B4362-55D2-48B1-A339-7C3AFF29936D}"
EndProject
Project("{FAE04EC0-301F-11D3-BF4B-00C04F79EFBC}") = "GradeBook", "src\GradeBook\GradeBook.csproj", "{00F5C96F-77C0-4ED8-8A4C-9918F2106B2C}"
EndProject
Project("{2150E333-8FDC-42A3-9474-1A3956D46DE8}") = "test", "test", "{6076F02A-8613-49CA-97C6-0854B11DF89D}"
EndProject
Project("{FAE04EC0-301F-11D3-BF4B-00C04F79EFBC}") = "GradeBook.Tests", "test\GradeBook.Tests\GradeBook.Tests.csproj", "{B67EE8CA-1B6C-467B-A5E5-16668592DD6B}"
EndProject
Global
	GlobalSection(SolutionConfigurationPlatforms) = preSolution
		Debug|Any CPU = Debug|Any CPU
		Debug|x64 = Debug|x64
		Debug|x86 = Debug|x86
		Release|Any CPU = Release|Any CPU
		Release|x64 = Release|x64
		Release|x86 = Release|x86
	EndGlobalSection
	GlobalSection(SolutionProperties) = preSolution
		HideSolutionNode = FALSE
	EndGlobalSection
	GlobalSection(ProjectConfigurationPlatforms) = postSolution
		{00F5C96F-77C0-4ED8-8A4C-9918F2106B2C}.Debug|Any CPU.ActiveCfg = Debug|Any CPU
		{00F5C96F-77C0-4ED8-8A4C-9918F2106B2C}.Debug|Any CPU.Build.0 = Debug|Any CPU
		{00F5C96F-77C0-4ED8-8A4C-9918F2106B2C}.Debug|x64.ActiveCfg = Debug|Any CPU
		{00F5C96F-77C0-4ED8-8A4C-9918F2106B2C}.Debug|x64.Build.0 = Debug|Any CPU
		{00F5C96F-77C0-4ED8-8A4C-9918F2106B2C}.Debug|x86.ActiveCfg = Debug|Any CPU
		{00F5C96F-77C0-4ED8-8A4C-9918F2106B2C}.Debug|x86.Build.0 = Debug|Any CPU
		{00F5C96F-77C0-4ED8-8A4C-9918F2106B2C}.Release|Any CPU.ActiveCfg = Release|Any CPU
		{00F5C96F-77C0-4ED8-8A4C-9918F2106B2C}.Release|Any CPU.Build.0 = Release|Any CPU
		{00F5C96F-77C0-4ED8-8A4C-9918F2106B2C}.Release|x64.ActiveCfg = Release|Any CPU
		{00F5C96F-77C0-4ED8-8A4C-9918F2106B2C}.Release|x64.Build.0 = Release|Any CPU
		{00F5C96F-77C0-4ED8-8A4C-9918F2106B2C}.Release|x86.ActiveCfg = Release|Any CPU
		{00F5C96F-77C0-4ED8-8A4C-9918F2106B2C}.Release|x86.Build.0 = Release|Any CPU
		{B67EE8CA-1B6C-467B-A5E5-16668592DD6B}.Debug|Any CPU.ActiveCfg = Debug|Any CPU
		{B67EE8CA-1B6C-467B-A5E5-16668592DD6B}.Debug|Any CPU.Build.0 = Debug|Any CPU
		{B67EE8CA-1B6C-467B-A5E5-16668592DD6B}.Debug|x64.ActiveCfg = Debug|Any CPU
		{B67EE8CA-1B6C-467B-A5E5-16668592DD6B}.Debug|x64.Build.0 = Debug|Any CPU
		{B67EE8CA-1B6C-467B-A5E5-16668592DD6B}.Debug|x86.ActiveCfg = Debug|Any CPU
		{B67EE8CA-1B6C-467B-A5E5-16668592DD6B}.Debug|x86.Build.0 = Debug|Any CPU
		{B67EE8CA-1B6C-467B-A5E5-16668592DD6B}.Release|Any CPU.ActiveCfg = Release|Any CPU
		{B67EE8CA-1B6C-467B-A5E5-16668592DD6B}.Release|Any CPU.Build.0 = Release|Any CPU
		{B67EE8CA-1B6C-467B-A5E5-16668592DD6B}.Release|x64.ActiveCfg = Release|Any CPU
		{B67EE8CA-1B6C-467B-A5E5-16668592DD6B}.Release|x64.Build.0 = Release|Any CPU
		{B67EE8CA-1B6C-467B-A5E5-16668592DD6B}.Release|x86.ActiveCfg = Release|Any CPU
		{B67EE8CA-1B6C-467B-A5E5-16668592DD6B}.Release|x86.Build.0 = Release|Any CPU
	EndGlobalSection
	GlobalSection(NestedProjects) = preSolution
		{00F5C96F-77C0-4ED8-8A4C-9918F2106B2C} = {C50B4362-55D2-48B1-A339-7C3AFF29936D}
		{B67EE8CA-1B6C-467B-A5E5-16668592DD6B} = {6076F02A-8613-49CA-97C6-0854B11DF89D}
	EndGlobalSection
EndGlobal
